
Microsoft Visual Studio Solution File, Format Version 12.00
Project("{FAE04EC0-301F-11D3-BF4B-00C04F79EFBC}") = "14-topshiriq", "14-topshiriq\14-topshiriq.csproj", "{E84A28F1-360F-40FE-88A7-3A04B9A53BC8}"
EndProject
Global
	GlobalSection(SolutionConfigurationPlatforms) = preSolution
		Debug|Any CPU = Debug|Any CPU
		Release|Any CPU = Release|Any CPU
	EndGlobalSection
	GlobalSection(ProjectConfigurationPlatforms) = postSolution
		{E84A28F1-360F-40FE-88A7-3A04B9A53BC8}.Debug|Any CPU.ActiveCfg = Debug|Any CPU
		{E84A28F1-360F-40FE-88A7-3A04B9A53BC8}.Debug|Any CPU.Build.0 = Debug|Any CPU
		{E84A28F1-360F-40FE-88A7-3A04B9A53BC8}.Release|Any CPU.ActiveCfg = Release|Any CPU
		{E84A28F1-360F-40FE-88A7-3A04B9A53BC8}.Release|Any CPU.Build.0 = Release|Any CPU
	EndGlobalSection
EndGlobal
